<?xml version="1.0" encoding="utf-8"?>
<Project ToolsVersion="4.0" xmlns="http://schemas.microsoft.com/developer/msbuild/2003">
  <ItemGroup>
    <Filter Include="Source Files">
      <UniqueIdentifier>{4FC737F1-C7A5-4376-A066-2A32D752A2FF}</UniqueIdentifier>
      <Extensions>cpp;c;cc;cxx;def;odl;idl;hpj;bat;asm;asmx</Extensions>
    </Filter>
    <Filter Include="Header Files">
      <UniqueIdentifier>{93995380-89BD-4b04-88EB-625FBE52EBFB}</UniqueIdentifier>
      <Extensions>h;hh;hpp;hxx;hm;inl;inc;ipp;xsd</Extensions>
    </Filter>
    <Filter Include="Resource Files">
      <UniqueIdentifier>{67DA6AB6-F800-4c08-8B7A-83BB121AAD01}</UniqueIdentifier>
      <Extensions>rc;ico;cur;bmp;dlg;rc2;rct;bin;rgs;gif;jpg;jpeg;jpe;resx;tiff;tif;png;wav;mfcribbon-ms</Extensions>
    </Filter>
    <Filter Include="Math">
      <UniqueIdentifier>{23c3b7a9-4a26-4bb4-9593-0be5d706f287}</UniqueIdentifier>
    </Filter>
  </ItemGroup>
  <ItemGroup>
    <ClInclude Include="stb_image_write.h">
      <Filter>Header Files</Filter>
    </ClInclude>
    <ClInclude Include="UnitTest\doctest.h">
      <Filter>Header Files</Filter>
    </ClInclude>
    <ClInclude Include="Objects\Sphere.h">
      <Filter>Header Files</Filter>
    </ClInclude>
    <ClInclude Include="Objects\Ray3D.h">
      <Filter>Header Files</Filter>
    </ClInclude>
    <ClInclude Include="Objects\Surface.h">
      <Filter>Header Files</Filter>
    </ClInclude>
    <ClInclude Include="Objects\Plane.h">
      <Filter>Header Files</Filter>
    </ClInclude>
    <ClInclude Include="DataTypes\LinkedList.h">
      <Filter>Header Files</Filter>
    </ClInclude>
    <ClInclude Include="DataTypes\Queue.h">
      <Filter>Header Files</Filter>
    </ClInclude>
    <ClInclude Include="Misc\Color.h">
      <Filter>Header Files</Filter>
    </ClInclude>
    <ClInclude Include="DataTypes\HashTable.h">
      <Filter>Header Files</Filter>
    </ClInclude>
    <ClInclude Include="Misc\HitRecord.h">
      <Filter>Header Files</Filter>
    </ClInclude>
    <ClInclude Include="Objects\Lights\PointLight.h">
      <Filter>Header Files</Filter>
    </ClInclude>
    <ClInclude Include="Math\MathDefines.h">
      <Filter>Header Files</Filter>
    </ClInclude>
    <ClInclude Include="Misc\Material.h">
      <Filter>Header Files</Filter>
    </ClInclude>
    <ClInclude Include="Misc\ScreenResolutionConsts.h">
      <Filter>Header Files</Filter>
    </ClInclude>
    <ClInclude Include="Objects\Box.h">
      <Filter>Header Files</Filter>
    </ClInclude>
    <ClInclude Include="Misc\BoundingBox.h">
      <Filter>Header Files</Filter>
    </ClInclude>
    <ClInclude Include="Objects\Camera.h">
      <Filter>Header Files</Filter>
    </ClInclude>
    <ClInclude Include="DataTypes\BVH.h">
      <Filter>Header Files</Filter>
    </ClInclude>
    <ClInclude Include="Math\Vector3.h">
      <Filter>Math</Filter>
    </ClInclude>
    <ClInclude Include="Math\TestVector2.h">
      <Filter>Math</Filter>
    </ClInclude>
    <ClInclude Include="Objects\Box_Rotatable.h">
      <Filter>Header Files</Filter>
    </ClInclude>
    <ClInclude Include="Objects\Triangle.h">
      <Filter>Header Files</Filter>
    </ClInclude>
    <ClInclude Include="Objects\Mesh_OBJ.h">
      <Filter>Header Files</Filter>
    </ClInclude>
  </ItemGroup>
  <ItemGroup>
    <ClCompile Include="Objects\Ray3D.cpp">
      <Filter>Source Files</Filter>
    </ClCompile>
    <ClCompile Include="Objects\Sphere.cpp">
      <Filter>Source Files</Filter>
    </ClCompile>
    <ClCompile Include="Objects\Surface.cpp">
      <Filter>Source Files</Filter>
    </ClCompile>
    <ClCompile Include="Objects\Plane.cpp">
      <Filter>Source Files</Filter>
    </ClCompile>
    <ClCompile Include="DataTypes\HashTable.cpp">
      <Filter>Source Files</Filter>
    </ClCompile>
    <ClCompile Include="Objects\Lights\PointLight.cpp">
      <Filter>Source Files</Filter>
    </ClCompile>
    <ClCompile Include="Objects\Box.cpp">
      <Filter>Source Files</Filter>
    </ClCompile>
    <ClCompile Include="Objects\Camera.cpp">
      <Filter>Source Files</Filter>
    </ClCompile>
    <ClCompile Include="DataTypes\BVH.cpp">
      <Filter>Source Files</Filter>
    </ClCompile>
    <ClCompile Include="Misc\BoundingBox.cpp">
      <Filter>Source Files</Filter>
    </ClCompile>
    <ClCompile Include="Objects\Box_Rotatable.cpp">
      <Filter>Source Files</Filter>
    </ClCompile>
    <ClCompile Include="Objects\Triangle.cpp">
      <Filter>Source Files</Filter>
    </ClCompile>
    <ClCompile Include="Objects\Mesh_OBJ.cpp">
      <Filter>Source Files</Filter>
    </ClCompile>
  </ItemGroup>
</Project>